
Microsoft Visual Studio Solution File, Format Version 12.00
# Visual Studio Version 17
VisualStudioVersion = 17.5.002.0
MinimumVisualStudioVersion = 10.0.40219.1
Project("{9A19103F-16F7-4668-BE54-9A1E7A4F7556}") = "EconomizzeAPI", "EconomizzeAPI\EconomizzeAPI.csproj", "{39C23106-55F5-4D67-89B1-77011DEB9897}"
EndProject
Global
	GlobalSection(SolutionConfigurationPlatforms) = preSolution
		Debug|Any CPU = Debug|Any CPU
		Release|Any CPU = Release|Any CPU
	EndGlobalSection
	GlobalSection(ProjectConfigurationPlatforms) = postSolution
		{39C23106-55F5-4D67-89B1-77011DEB9897}.Debug|Any CPU.ActiveCfg = Debug|Any CPU
		{39C23106-55F5-4D67-89B1-77011DEB9897}.Debug|Any CPU.Build.0 = Debug|Any CPU
		{39C23106-55F5-4D67-89B1-77011DEB9897}.Release|Any CPU.ActiveCfg = Release|Any CPU
		{39C23106-55F5-4D67-89B1-77011DEB9897}.Release|Any CPU.Build.0 = Release|Any CPU
	EndGlobalSection
	GlobalSection(SolutionProperties) = preSolution
		HideSolutionNode = FALSE
	EndGlobalSection
	GlobalSection(ExtensibilityGlobals) = postSolution
		SolutionGuid = {B3274717-AF21-48F2-9C5E-B46DC62E7138}
	EndGlobalSection
EndGlobal
